// !$*UTF8*$!
{
	archiveVersion = 1;
	classes = {
	};
	objectVersion = 55;
	objects = {

/* Begin PBXBuildFile section */
		B474A7CF27555FFA00DCDB7C /* README.md in Resources */ = {isa = PBXBuildFile; fileRef = B474A7CE27555FF900DCDB7C /* README.md */; };
		B474A7D127555FFF00DCDB7C /* LICENSE in Resources */ = {isa = PBXBuildFile; fileRef = B474A7D027555FFF00DCDB7C /* LICENSE */; };
		B4E8F9702755530100C4BDCB /* Passcode_GeneratorApp.swift in Sources */ = {isa = PBXBuildFile; fileRef = B4E8F96F2755530100C4BDCB /* Passcode_GeneratorApp.swift */; };
		B4E8F9722755530100C4BDCB /* ContentView.swift in Sources */ = {isa = PBXBuildFile; fileRef = B4E8F9712755530100C4BDCB /* ContentView.swift */; };
		B4E8F9742755530100C4BDCB /* Assets.xcassets in Resources */ = {isa = PBXBuildFile; fileRef = B4E8F9732755530100C4BDCB /* Assets.xcassets */; };
		B4E8F9772755530100C4BDCB /* Preview Assets.xcassets in Resources */ = {isa = PBXBuildFile; fileRef = B4E8F9762755530100C4BDCB /* Preview Assets.xcassets */; };
		B4E8F995275553CA00C4BDCB /* Fraction.swift in Sources */ = {isa = PBXBuildFile; fileRef = B4E8F980275553CA00C4BDCB /* Fraction.swift */; };
		B4E8F996275553CA00C4BDCB /* Int10.swift in Sources */ = {isa = PBXBuildFile; fileRef = B4E8F981275553CA00C4BDCB /* Int10.swift */; };
		B4E8F997275553CA00C4BDCB /* Complex.swift in Sources */ = {isa = PBXBuildFile; fileRef = B4E8F982275553CA00C4BDCB /* Complex.swift */; };
		B4E8F998275553CA00C4BDCB /* PreciseFloat.swift in Sources */ = {isa = PBXBuildFile; fileRef = B4E8F983275553CA00C4BDCB /* PreciseFloat.swift */; };
		B4E8F999275553CA00C4BDCB /* Arithmetical.swift in Sources */ = {isa = PBXBuildFile; fileRef = B4E8F984275553CA00C4BDCB /* Arithmetical.swift */; };
		B4E8F99A275553CA00C4BDCB /* PreciseInt.swift in Sources */ = {isa = PBXBuildFile; fileRef = B4E8F985275553CA00C4BDCB /* PreciseInt.swift */; };
		B4E8F99B275553CA00C4BDCB /* CommentCreator.swift in Sources */ = {isa = PBXBuildFile; fileRef = B4E8F987275553CA00C4BDCB /* CommentCreator.swift */; };
		B4E8F99C275553CA00C4BDCB /* Bechmark.swift in Sources */ = {isa = PBXBuildFile; fileRef = B4E8F988275553CA00C4BDCB /* Bechmark.swift */; };
		B4E8F99D275553CA00C4BDCB /* Point.swift in Sources */ = {isa = PBXBuildFile; fileRef = B4E8F989275553CA00C4BDCB /* Point.swift */; };
		B4E8F99E275553CA00C4BDCB /* Canvas.swift in Sources */ = {isa = PBXBuildFile; fileRef = B4E8F98A275553CA00C4BDCB /* Canvas.swift */; };
		B4E8F99F275553CA00C4BDCB /* MachineLearning.swift in Sources */ = {isa = PBXBuildFile; fileRef = B4E8F98B275553CA00C4BDCB /* MachineLearning.swift */; };
		B4E8F9A0275553CA00C4BDCB /* FinderItem.swift in Sources */ = {isa = PBXBuildFile; fileRef = B4E8F98C275553CA00C4BDCB /* FinderItem.swift */; };
		B4E8F9A1275553CA00C4BDCB /* Support.swift in Sources */ = {isa = PBXBuildFile; fileRef = B4E8F98D275553CA00C4BDCB /* Support.swift */; };
		B4E8F9A2275553CA00C4BDCB /* LinearTransformation.swift in Sources */ = {isa = PBXBuildFile; fileRef = B4E8F98F275553CA00C4BDCB /* LinearTransformation.swift */; };
		B4E8F9A3275553CA00C4BDCB /* Expression.swift in Sources */ = {isa = PBXBuildFile; fileRef = B4E8F990275553CA00C4BDCB /* Expression.swift */; };
		B4E8F9A4275553CA00C4BDCB /* Polynomial.swift in Sources */ = {isa = PBXBuildFile; fileRef = B4E8F991275553CA00C4BDCB /* Polynomial.swift */; };
		B4E8F9A5275553CA00C4BDCB /* Matrix.swift in Sources */ = {isa = PBXBuildFile; fileRef = B4E8F992275553CA00C4BDCB /* Matrix.swift */; };
		B4E8F9A6275553CA00C4BDCB /* Plane.swift in Sources */ = {isa = PBXBuildFile; fileRef = B4E8F993275553CA00C4BDCB /* Plane.swift */; };
		B4E8F9A7275553CA00C4BDCB /* Algebra.swift in Sources */ = {isa = PBXBuildFile; fileRef = B4E8F994275553CA00C4BDCB /* Algebra.swift */; };
/* End PBXBuildFile section */

/* Begin PBXFileReference section */
		B474A7CE27555FF900DCDB7C /* README.md */ = {isa = PBXFileReference; fileEncoding = 4; lastKnownFileType = net.daringfireball.markdown; path = README.md; sourceTree = "<group>"; };
		B474A7D027555FFF00DCDB7C /* LICENSE */ = {isa = PBXFileReference; fileEncoding = 4; lastKnownFileType = text; path = LICENSE; sourceTree = "<group>"; };
		B4E8F96C2755530100C4BDCB /* Passcode Generator.app */ = {isa = PBXFileReference; explicitFileType = wrapper.application; includeInIndex = 0; path = "Passcode Generator.app"; sourceTree = BUILT_PRODUCTS_DIR; };
		B4E8F96F2755530100C4BDCB /* Passcode_GeneratorApp.swift */ = {isa = PBXFileReference; lastKnownFileType = sourcecode.swift; path = Passcode_GeneratorApp.swift; sourceTree = "<group>"; };
		B4E8F9712755530100C4BDCB /* ContentView.swift */ = {isa = PBXFileReference; lastKnownFileType = sourcecode.swift; path = ContentView.swift; sourceTree = "<group>"; };
		B4E8F9732755530100C4BDCB /* Assets.xcassets */ = {isa = PBXFileReference; lastKnownFileType = folder.assetcatalog; path = Assets.xcassets; sourceTree = "<group>"; };
		B4E8F9762755530100C4BDCB /* Preview Assets.xcassets */ = {isa = PBXFileReference; lastKnownFileType = folder.assetcatalog; path = "Preview Assets.xcassets"; sourceTree = "<group>"; };
		B4E8F9782755530100C4BDCB /* Passcode_Generator.entitlements */ = {isa = PBXFileReference; lastKnownFileType = text.plist.entitlements; path = Passcode_Generator.entitlements; sourceTree = "<group>"; };
		B4E8F980275553CA00C4BDCB /* Fraction.swift */ = {isa = PBXFileReference; fileEncoding = 4; lastKnownFileType = sourcecode.swift; path = Fraction.swift; sourceTree = "<group>"; };
		B4E8F981275553CA00C4BDCB /* Int10.swift */ = {isa = PBXFileReference; fileEncoding = 4; lastKnownFileType = sourcecode.swift; path = Int10.swift; sourceTree = "<group>"; };
		B4E8F982275553CA00C4BDCB /* Complex.swift */ = {isa = PBXFileReference; fileEncoding = 4; lastKnownFileType = sourcecode.swift; path = Complex.swift; sourceTree = "<group>"; };
		B4E8F983275553CA00C4BDCB /* PreciseFloat.swift */ = {isa = PBXFileReference; fileEncoding = 4; lastKnownFileType = sourcecode.swift; path = PreciseFloat.swift; sourceTree = "<group>"; };
		B4E8F984275553CA00C4BDCB /* Arithmetical.swift */ = {isa = PBXFileReference; fileEncoding = 4; lastKnownFileType = sourcecode.swift; path = Arithmetical.swift; sourceTree = "<group>"; };
		B4E8F985275553CA00C4BDCB /* PreciseInt.swift */ = {isa = PBXFileReference; fileEncoding = 4; lastKnownFileType = sourcecode.swift; path = PreciseInt.swift; sourceTree = "<group>"; };
		B4E8F987275553CA00C4BDCB /* CommentCreator.swift */ = {isa = PBXFileReference; fileEncoding = 4; lastKnownFileType = sourcecode.swift; path = CommentCreator.swift; sourceTree = "<group>"; };
		B4E8F988275553CA00C4BDCB /* Bechmark.swift */ = {isa = PBXFileReference; fileEncoding = 4; lastKnownFileType = sourcecode.swift; path = Bechmark.swift; sourceTree = "<group>"; };
		B4E8F989275553CA00C4BDCB /* Point.swift */ = {isa = PBXFileReference; fileEncoding = 4; lastKnownFileType = sourcecode.swift; path = Point.swift; sourceTree = "<group>"; };
		B4E8F98A275553CA00C4BDCB /* Canvas.swift */ = {isa = PBXFileReference; fileEncoding = 4; lastKnownFileType = sourcecode.swift; path = Canvas.swift; sourceTree = "<group>"; };
		B4E8F98B275553CA00C4BDCB /* MachineLearning.swift */ = {isa = PBXFileReference; fileEncoding = 4; lastKnownFileType = sourcecode.swift; path = MachineLearning.swift; sourceTree = "<group>"; };
		B4E8F98C275553CA00C4BDCB /* FinderItem.swift */ = {isa = PBXFileReference; fileEncoding = 4; lastKnownFileType = sourcecode.swift; path = FinderItem.swift; sourceTree = "<group>"; };
		B4E8F98D275553CA00C4BDCB /* Support.swift */ = {isa = PBXFileReference; fileEncoding = 4; lastKnownFileType = sourcecode.swift; path = Support.swift; sourceTree = "<group>"; };
		B4E8F98F275553CA00C4BDCB /* LinearTransformation.swift */ = {isa = PBXFileReference; fileEncoding = 4; lastKnownFileType = sourcecode.swift; path = LinearTransformation.swift; sourceTree = "<group>"; };
		B4E8F990275553CA00C4BDCB /* Expression.swift */ = {isa = PBXFileReference; fileEncoding = 4; lastKnownFileType = sourcecode.swift; path = Expression.swift; sourceTree = "<group>"; };
		B4E8F991275553CA00C4BDCB /* Polynomial.swift */ = {isa = PBXFileReference; fileEncoding = 4; lastKnownFileType = sourcecode.swift; path = Polynomial.swift; sourceTree = "<group>"; };
		B4E8F992275553CA00C4BDCB /* Matrix.swift */ = {isa = PBXFileReference; fileEncoding = 4; lastKnownFileType = sourcecode.swift; path = Matrix.swift; sourceTree = "<group>"; };
		B4E8F993275553CA00C4BDCB /* Plane.swift */ = {isa = PBXFileReference; fileEncoding = 4; lastKnownFileType = sourcecode.swift; path = Plane.swift; sourceTree = "<group>"; };
		B4E8F994275553CA00C4BDCB /* Algebra.swift */ = {isa = PBXFileReference; fileEncoding = 4; lastKnownFileType = sourcecode.swift; path = Algebra.swift; sourceTree = "<group>"; };
/* End PBXFileReference section */

/* Begin PBXFrameworksBuildPhase section */
		B4E8F9692755530100C4BDCB /* Frameworks */ = {
			isa = PBXFrameworksBuildPhase;
			buildActionMask = 2147483647;
			files = (
			);
			runOnlyForDeploymentPostprocessing = 0;
		};
/* End PBXFrameworksBuildPhase section */

/* Begin PBXGroup section */
		B4E8F9632755530100C4BDCB = {
			isa = PBXGroup;
			children = (
				B474A7CE27555FF900DCDB7C /* README.md */,
				B474A7D027555FFF00DCDB7C /* LICENSE */,
				B4E8F96E2755530100C4BDCB /* Passcode Generator */,
				B4E8F96D2755530100C4BDCB /* Products */,
			);
			sourceTree = "<group>";
		};
		B4E8F96D2755530100C4BDCB /* Products */ = {
			isa = PBXGroup;
			children = (
				B4E8F96C2755530100C4BDCB /* Passcode Generator.app */,
			);
			name = Products;
			sourceTree = "<group>";
		};
		B4E8F96E2755530100C4BDCB /* Passcode Generator */ = {
			isa = PBXGroup;
			children = (
				B4E8F96F2755530100C4BDCB /* Passcode_GeneratorApp.swift */,
				B4E8F9712755530100C4BDCB /* ContentView.swift */,
				B4E8F97E275553CA00C4BDCB /* Support */,
				B4E8F9732755530100C4BDCB /* Assets.xcassets */,
				B4E8F9782755530100C4BDCB /* Passcode_Generator.entitlements */,
				B4E8F9752755530100C4BDCB /* Preview Content */,
			);
			path = "Passcode Generator";
			sourceTree = "<group>";
		};
		B4E8F9752755530100C4BDCB /* Preview Content */ = {
			isa = PBXGroup;
			children = (
				B4E8F9762755530100C4BDCB /* Preview Assets.xcassets */,
			);
			path = "Preview Content";
			sourceTree = "<group>";
		};
		B4E8F97E275553CA00C4BDCB /* Support */ = {
			isa = PBXGroup;
			children = (
				B4E8F97F275553CA00C4BDCB /* Numerics */,
				B4E8F986275553CA00C4BDCB /* Support */,
				B4E8F98D275553CA00C4BDCB /* Support.swift */,
				B4E8F98E275553CA00C4BDCB /* Algebra */,
			);
			path = Support;
			sourceTree = "<group>";
		};
		B4E8F97F275553CA00C4BDCB /* Numerics */ = {
			isa = PBXGroup;
			children = (
				B4E8F980275553CA00C4BDCB /* Fraction.swift */,
				B4E8F981275553CA00C4BDCB /* Int10.swift */,
				B4E8F982275553CA00C4BDCB /* Complex.swift */,
				B4E8F983275553CA00C4BDCB /* PreciseFloat.swift */,
				B4E8F984275553CA00C4BDCB /* Arithmetical.swift */,
				B4E8F985275553CA00C4BDCB /* PreciseInt.swift */,
			);
			path = Numerics;
			sourceTree = "<group>";
		};
		B4E8F986275553CA00C4BDCB /* Support */ = {
			isa = PBXGroup;
			children = (
				B4E8F987275553CA00C4BDCB /* CommentCreator.swift */,
				B4E8F988275553CA00C4BDCB /* Bechmark.swift */,
				B4E8F989275553CA00C4BDCB /* Point.swift */,
				B4E8F98A275553CA00C4BDCB /* Canvas.swift */,
				B4E8F98B275553CA00C4BDCB /* MachineLearning.swift */,
				B4E8F98C275553CA00C4BDCB /* FinderItem.swift */,
			);
			path = Support;
			sourceTree = "<group>";
		};
		B4E8F98E275553CA00C4BDCB /* Algebra */ = {
			isa = PBXGroup;
			children = (
				B4E8F98F275553CA00C4BDCB /* LinearTransformation.swift */,
				B4E8F990275553CA00C4BDCB /* Expression.swift */,
				B4E8F991275553CA00C4BDCB /* Polynomial.swift */,
				B4E8F992275553CA00C4BDCB /* Matrix.swift */,
				B4E8F993275553CA00C4BDCB /* Plane.swift */,
				B4E8F994275553CA00C4BDCB /* Algebra.swift */,
			);
			path = Algebra;
			sourceTree = "<group>";
		};
/* End PBXGroup section */

/* Begin PBXNativeTarget section */
		B4E8F96B2755530100C4BDCB /* Passcode Generator */ = {
			isa = PBXNativeTarget;
			buildConfigurationList = B4E8F97B2755530100C4BDCB /* Build configuration list for PBXNativeTarget "Passcode Generator" */;
			buildPhases = (
				B4E8F9682755530100C4BDCB /* Sources */,
				B4E8F9692755530100C4BDCB /* Frameworks */,
				B4E8F96A2755530100C4BDCB /* Resources */,
			);
			buildRules = (
			);
			dependencies = (
			);
			name = "Passcode Generator";
			productName = "Passcode Generator";
			productReference = B4E8F96C2755530100C4BDCB /* Passcode Generator.app */;
			productType = "com.apple.product-type.application";
		};
/* End PBXNativeTarget section */

/* Begin PBXProject section */
		B4E8F9642755530100C4BDCB /* Project object */ = {
			isa = PBXProject;
			attributes = {
				BuildIndependentTargetsInParallel = 1;
				LastSwiftUpdateCheck = 1310;
				LastUpgradeCheck = 1310;
				TargetAttributes = {
					B4E8F96B2755530100C4BDCB = {
						CreatedOnToolsVersion = 13.1;
					};
				};
			};
			buildConfigurationList = B4E8F9672755530100C4BDCB /* Build configuration list for PBXProject "Passcode Generator" */;
			compatibilityVersion = "Xcode 13.0";
			developmentRegion = en;
			hasScannedForEncodings = 0;
			knownRegions = (
				en,
				Base,
			);
			mainGroup = B4E8F9632755530100C4BDCB;
			productRefGroup = B4E8F96D2755530100C4BDCB /* Products */;
			projectDirPath = "";
			projectRoot = "";
			targets = (
				B4E8F96B2755530100C4BDCB /* Passcode Generator */,
			);
		};
/* End PBXProject section */

/* Begin PBXResourcesBuildPhase section */
		B4E8F96A2755530100C4BDCB /* Resources */ = {
			isa = PBXResourcesBuildPhase;
			buildActionMask = 2147483647;
			files = (
				B474A7CF27555FFA00DCDB7C /* README.md in Resources */,
				B4E8F9772755530100C4BDCB /* Preview Assets.xcassets in Resources */,
				B474A7D127555FFF00DCDB7C /* LICENSE in Resources */,
				B4E8F9742755530100C4BDCB /* Assets.xcassets in Resources */,
			);
			runOnlyForDeploymentPostprocessing = 0;
		};
/* End PBXResourcesBuildPhase section */

/* Begin PBXSourcesBuildPhase section */
		B4E8F9682755530100C4BDCB /* Sources */ = {
			isa = PBXSourcesBuildPhase;
			buildActionMask = 2147483647;
			files = (
				B4E8F998275553CA00C4BDCB /* PreciseFloat.swift in Sources */,
				B4E8F9A4275553CA00C4BDCB /* Polynomial.swift in Sources */,
				B4E8F9A6275553CA00C4BDCB /* Plane.swift in Sources */,
				B4E8F9A3275553CA00C4BDCB /* Expression.swift in Sources */,
				B4E8F99A275553CA00C4BDCB /* PreciseInt.swift in Sources */,
				B4E8F995275553CA00C4BDCB /* Fraction.swift in Sources */,
				B4E8F99B275553CA00C4BDCB /* CommentCreator.swift in Sources */,
				B4E8F99F275553CA00C4BDCB /* MachineLearning.swift in Sources */,
				B4E8F99C275553CA00C4BDCB /* Bechmark.swift in Sources */,
				B4E8F9A7275553CA00C4BDCB /* Algebra.swift in Sources */,
				B4E8F9A0275553CA00C4BDCB /* FinderItem.swift in Sources */,
				B4E8F9A2275553CA00C4BDCB /* LinearTransformation.swift in Sources */,
				B4E8F9722755530100C4BDCB /* ContentView.swift in Sources */,
				B4E8F996275553CA00C4BDCB /* Int10.swift in Sources */,
				B4E8F99D275553CA00C4BDCB /* Point.swift in Sources */,
				B4E8F997275553CA00C4BDCB /* Complex.swift in Sources */,
				B4E8F9A5275553CA00C4BDCB /* Matrix.swift in Sources */,
				B4E8F9A1275553CA00C4BDCB /* Support.swift in Sources */,
				B4E8F9702755530100C4BDCB /* Passcode_GeneratorApp.swift in Sources */,
				B4E8F999275553CA00C4BDCB /* Arithmetical.swift in Sources */,
				B4E8F99E275553CA00C4BDCB /* Canvas.swift in Sources */,
			);
			runOnlyForDeploymentPostprocessing = 0;
		};
/* End PBXSourcesBuildPhase section */

/* Begin XCBuildConfiguration section */
		B4E8F9792755530100C4BDCB /* Debug */ = {
			isa = XCBuildConfiguration;
			buildSettings = {
				ALWAYS_SEARCH_USER_PATHS = NO;
				CLANG_ANALYZER_NONNULL = YES;
				CLANG_ANALYZER_NUMBER_OBJECT_CONVERSION = YES_AGGRESSIVE;
				CLANG_CXX_LANGUAGE_STANDARD = "gnu++17";
				CLANG_CXX_LIBRARY = "libc++";
				CLANG_ENABLE_MODULES = YES;
				CLANG_ENABLE_OBJC_ARC = YES;
				CLANG_ENABLE_OBJC_WEAK = YES;
				CLANG_WARN_BLOCK_CAPTURE_AUTORELEASING = YES;
				CLANG_WARN_BOOL_CONVERSION = YES;
				CLANG_WARN_COMMA = YES;
				CLANG_WARN_CONSTANT_CONVERSION = YES;
				CLANG_WARN_DEPRECATED_OBJC_IMPLEMENTATIONS = YES;
				CLANG_WARN_DIRECT_OBJC_ISA_USAGE = YES_ERROR;
				CLANG_WARN_DOCUMENTATION_COMMENTS = YES;
				CLANG_WARN_EMPTY_BODY = YES;
				CLANG_WARN_ENUM_CONVERSION = YES;
				CLANG_WARN_INFINITE_RECURSION = YES;
				CLANG_WARN_INT_CONVERSION = YES;
				CLANG_WARN_NON_LITERAL_NULL_CONVERSION = YES;
				CLANG_WARN_OBJC_IMPLICIT_RETAIN_SELF = YES;
				CLANG_WARN_OBJC_LITERAL_CONVERSION = YES;
				CLANG_WARN_OBJC_ROOT_CLASS = YES_ERROR;
				CLANG_WARN_QUOTED_INCLUDE_IN_FRAMEWORK_HEADER = YES;
				CLANG_WARN_RANGE_LOOP_ANALYSIS = YES;
				CLANG_WARN_STRICT_PROTOTYPES = YES;
				CLANG_WARN_SUSPICIOUS_MOVE = YES;
				CLANG_WARN_UNGUARDED_AVAILABILITY = YES_AGGRESSIVE;
				CLANG_WARN_UNREACHABLE_CODE = YES;
				CLANG_WARN__DUPLICATE_METHOD_MATCH = YES;
				COPY_PHASE_STRIP = NO;
				DEBUG_INFORMATION_FORMAT = dwarf;
				ENABLE_STRICT_OBJC_MSGSEND = YES;
				ENABLE_TESTABILITY = YES;
				GCC_C_LANGUAGE_STANDARD = gnu11;
				GCC_DYNAMIC_NO_PIC = NO;
				GCC_NO_COMMON_BLOCKS = YES;
				GCC_OPTIMIZATION_LEVEL = 0;
				GCC_PREPROCESSOR_DEFINITIONS = (
					"DEBUG=1",
					"$(inherited)",
				);
				GCC_WARN_64_TO_32_BIT_CONVERSION = YES;
				GCC_WARN_ABOUT_RETURN_TYPE = YES_ERROR;
				GCC_WARN_UNDECLARED_SELECTOR = YES;
				GCC_WARN_UNINITIALIZED_AUTOS = YES_AGGRESSIVE;
				GCC_WARN_UNUSED_FUNCTION = YES;
				GCC_WARN_UNUSED_VARIABLE = YES;
				MACOSX_DEPLOYMENT_TARGET = 12.0;
				MTL_ENABLE_DEBUG_INFO = INCLUDE_SOURCE;
				MTL_FAST_MATH = YES;
				ONLY_ACTIVE_ARCH = YES;
				SDKROOT = macosx;
				SWIFT_ACTIVE_COMPILATION_CONDITIONS = DEBUG;
				SWIFT_OPTIMIZATION_LEVEL = "-Onone";
			};
			name = Debug;
		};
		B4E8F97A2755530100C4BDCB /* Release */ = {
			isa = XCBuildConfiguration;
			buildSettings = {
				ALWAYS_SEARCH_USER_PATHS = NO;
				CLANG_ANALYZER_NONNULL = YES;
				CLANG_ANALYZER_NUMBER_OBJECT_CONVERSION = YES_AGGRESSIVE;
				CLANG_CXX_LANGUAGE_STANDARD = "gnu++17";
				CLANG_CXX_LIBRARY = "libc++";
				CLANG_ENABLE_MODULES = YES;
				CLANG_ENABLE_OBJC_ARC = YES;
				CLANG_ENABLE_OBJC_WEAK = YES;
				CLANG_WARN_BLOCK_CAPTURE_AUTORELEASING = YES;
				CLANG_WARN_BOOL_CONVERSION = YES;
				CLANG_WARN_COMMA = YES;
				CLANG_WARN_CONSTANT_CONVERSION = YES;
				CLANG_WARN_DEPRECATED_OBJC_IMPLEMENTATIONS = YES;
				CLANG_WARN_DIRECT_OBJC_ISA_USAGE = YES_ERROR;
				CLANG_WARN_DOCUMENTATION_COMMENTS = YES;
				CLANG_WARN_EMPTY_BODY = YES;
				CLANG_WARN_ENUM_CONVERSION = YES;
				CLANG_WARN_INFINITE_RECURSION = YES;
				CLANG_WARN_INT_CONVERSION = YES;
				CLANG_WARN_NON_LITERAL_NULL_CONVERSION = YES;
				CLANG_WARN_OBJC_IMPLICIT_RETAIN_SELF = YES;
				CLANG_WARN_OBJC_LITERAL_CONVERSION = YES;
				CLANG_WARN_OBJC_ROOT_CLASS = YES_ERROR;
				CLANG_WARN_QUOTED_INCLUDE_IN_FRAMEWORK_HEADER = YES;
				CLANG_WARN_RANGE_LOOP_ANALYSIS = YES;
				CLANG_WARN_STRICT_PROTOTYPES = YES;
				CLANG_WARN_SUSPICIOUS_MOVE = YES;
				CLANG_WARN_UNGUARDED_AVAILABILITY = YES_AGGRESSIVE;
				CLANG_WARN_UNREACHABLE_CODE = YES;
				CLANG_WARN__DUPLICATE_METHOD_MATCH = YES;
				COPY_PHASE_STRIP = NO;
				DEBUG_INFORMATION_FORMAT = "dwarf-with-dsym";
				ENABLE_NS_ASSERTIONS = NO;
				ENABLE_STRICT_OBJC_MSGSEND = YES;
				GCC_C_LANGUAGE_STANDARD = gnu11;
				GCC_NO_COMMON_BLOCKS = YES;
				GCC_WARN_64_TO_32_BIT_CONVERSION = YES;
				GCC_WARN_ABOUT_RETURN_TYPE = YES_ERROR;
				GCC_WARN_UNDECLARED_SELECTOR = YES;
				GCC_WARN_UNINITIALIZED_AUTOS = YES_AGGRESSIVE;
				GCC_WARN_UNUSED_FUNCTION = YES;
				GCC_WARN_UNUSED_VARIABLE = YES;
				MACOSX_DEPLOYMENT_TARGET = 12.0;
				MTL_ENABLE_DEBUG_INFO = NO;
				MTL_FAST_MATH = YES;
				SDKROOT = macosx;
				SWIFT_COMPILATION_MODE = wholemodule;
				SWIFT_OPTIMIZATION_LEVEL = "-O";
			};
			name = Release;
		};
		B4E8F97C2755530100C4BDCB /* Debug */ = {
			isa = XCBuildConfiguration;
			buildSettings = {
				ASSETCATALOG_COMPILER_APPICON_NAME = AppIcon;
				ASSETCATALOG_COMPILER_GLOBAL_ACCENT_COLOR_NAME = AccentColor;
				CODE_SIGN_ENTITLEMENTS = "Passcode Generator/Passcode_Generator.entitlements";
				CODE_SIGN_STYLE = Automatic;
				COMBINE_HIDPI_IMAGES = YES;
				CURRENT_PROJECT_VERSION = 1;
				DEVELOPMENT_ASSET_PATHS = "\"Passcode Generator/Preview Content\"";
				DEVELOPMENT_TEAM = 3PH93LN984;
				ENABLE_HARDENED_RUNTIME = YES;
				ENABLE_PREVIEWS = YES;
				GENERATE_INFOPLIST_FILE = YES;
				INFOPLIST_KEY_NSHumanReadableCopyright = "";
				LD_RUNPATH_SEARCH_PATHS = (
					"$(inherited)",
					"@executable_path/../Frameworks",
				);
				MARKETING_VERSION = 1.0;
				PRODUCT_BUNDLE_IDENTIFIER = "com.Vaida.Passcode-Generator";
				PRODUCT_NAME = "$(TARGET_NAME)";
				SWIFT_EMIT_LOC_STRINGS = YES;
				SWIFT_VERSION = 5.0;
			};
			name = Debug;
		};
		B4E8F97D2755530100C4BDCB /* Release */ = {
			isa = XCBuildConfiguration;
			buildSettings = {
				ASSETCATALOG_COMPILER_APPICON_NAME = AppIcon;
				ASSETCATALOG_COMPILER_GLOBAL_ACCENT_COLOR_NAME = AccentColor;
				CODE_SIGN_ENTITLEMENTS = "Passcode Generator/Passcode_Generator.entitlements";
				CODE_SIGN_STYLE = Automatic;
				COMBINE_HIDPI_IMAGES = YES;
				CURRENT_PROJECT_VERSION = 1;
				DEVELOPMENT_ASSET_PATHS = "\"Passcode Generator/Preview Content\"";
				DEVELOPMENT_TEAM = 3PH93LN984;
				ENABLE_HARDENED_RUNTIME = YES;
				ENABLE_PREVIEWS = YES;
				GENERATE_INFOPLIST_FILE = YES;
				INFOPLIST_KEY_NSHumanReadableCopyright = "";
				LD_RUNPATH_SEARCH_PATHS = (
					"$(inherited)",
					"@executable_path/../Frameworks",
				);
				MARKETING_VERSION = 1.0;
				PRODUCT_BUNDLE_IDENTIFIER = "com.Vaida.Passcode-Generator";
				PRODUCT_NAME = "$(TARGET_NAME)";
				SWIFT_EMIT_LOC_STRINGS = YES;
				SWIFT_VERSION = 5.0;
			};
			name = Release;
		};
/* End XCBuildConfiguration section */

/* Begin XCConfigurationList section */
		B4E8F9672755530100C4BDCB /* Build configuration list for PBXProject "Passcode Generator" */ = {
			isa = XCConfigurationList;
			buildConfigurations = (
				B4E8F9792755530100C4BDCB /* Debug */,
				B4E8F97A2755530100C4BDCB /* Release */,
			);
			defaultConfigurationIsVisible = 0;
			defaultConfigurationName = Release;
		};
		B4E8F97B2755530100C4BDCB /* Build configuration list for PBXNativeTarget "Passcode Generator" */ = {
			isa = XCConfigurationList;
			buildConfigurations = (
				B4E8F97C2755530100C4BDCB /* Debug */,
				B4E8F97D2755530100C4BDCB /* Release */,
			);
			defaultConfigurationIsVisible = 0;
			defaultConfigurationName = Release;
		};
/* End XCConfigurationList section */
	};
	rootObject = B4E8F9642755530100C4BDCB /* Project object */;
}
